
Microsoft Visual Studio Solution File, Format Version 11.00
# Visual Studio 2010
Project("{FAE04EC0-301F-11D3-BF4B-00C04F79EFBC}") = "SteamVR", "SteamVR.csproj", "{e96d4196-74ca-9b92-ca95-3ba4450d98fc}"
EndProject
Project("{FAE04EC0-301F-11D3-BF4B-00C04F79EFBC}") = "Assembly-CSharp", "Assembly-CSharp.csproj", "{aab096c4-402a-f4aa-048d-c0c1502faaf5}"
EndProject
Project("{FAE04EC0-301F-11D3-BF4B-00C04F79EFBC}") = "SteamVR_Actions", "SteamVR_Actions.csproj", "{1549060a-ed66-d43a-6902-cc32e1cd18e3}"
EndProject
Project("{FAE04EC0-301F-11D3-BF4B-00C04F79EFBC}") = "SteamVR_Editor", "SteamVR_Editor.csproj", "{944ec47c-ad30-a0df-d03b-c145ce544d42}"
EndProject
Project("{FAE04EC0-301F-11D3-BF4B-00C04F79EFBC}") = "SteamVR_Input_Editor", "SteamVR_Input_Editor.csproj", "{758ac4ea-d665-127c-2f60-bf2540361f5e}"
EndProject
Project("{FAE04EC0-301F-11D3-BF4B-00C04F79EFBC}") = "SteamVR_Windows_EditorHelper", "SteamVR_Windows_EditorHelper.csproj", "{222d719d-2477-ff70-7cec-aba2f01a0ea8}"
EndProject
Project("{FAE04EC0-301F-11D3-BF4B-00C04F79EFBC}") = "Assembly-CSharp-Editor", "Assembly-CSharp-Editor.csproj", "{c3f95656-6849-be76-041b-69ca68c46e3b}"
EndProject
Global
	GlobalSection(SolutionConfigurationPlatforms) = preSolution
		Debug|Any CPU = Debug|Any CPU
	EndGlobalSection
	GlobalSection(ProjectConfigurationPlatforms) = postSolution
		{e96d4196-74ca-9b92-ca95-3ba4450d98fc}.Debug|Any CPU.ActiveCfg = Debug|Any CPU
		{e96d4196-74ca-9b92-ca95-3ba4450d98fc}.Debug|Any CPU.Build.0 = Debug|Any CPU
		{aab096c4-402a-f4aa-048d-c0c1502faaf5}.Debug|Any CPU.ActiveCfg = Debug|Any CPU
		{aab096c4-402a-f4aa-048d-c0c1502faaf5}.Debug|Any CPU.Build.0 = Debug|Any CPU
		{1549060a-ed66-d43a-6902-cc32e1cd18e3}.Debug|Any CPU.ActiveCfg = Debug|Any CPU
		{1549060a-ed66-d43a-6902-cc32e1cd18e3}.Debug|Any CPU.Build.0 = Debug|Any CPU
		{944ec47c-ad30-a0df-d03b-c145ce544d42}.Debug|Any CPU.ActiveCfg = Debug|Any CPU
		{944ec47c-ad30-a0df-d03b-c145ce544d42}.Debug|Any CPU.Build.0 = Debug|Any CPU
		{758ac4ea-d665-127c-2f60-bf2540361f5e}.Debug|Any CPU.ActiveCfg = Debug|Any CPU
		{758ac4ea-d665-127c-2f60-bf2540361f5e}.Debug|Any CPU.Build.0 = Debug|Any CPU
		{222d719d-2477-ff70-7cec-aba2f01a0ea8}.Debug|Any CPU.ActiveCfg = Debug|Any CPU
		{222d719d-2477-ff70-7cec-aba2f01a0ea8}.Debug|Any CPU.Build.0 = Debug|Any CPU
		{c3f95656-6849-be76-041b-69ca68c46e3b}.Debug|Any CPU.ActiveCfg = Debug|Any CPU
		{c3f95656-6849-be76-041b-69ca68c46e3b}.Debug|Any CPU.Build.0 = Debug|Any CPU
	EndGlobalSection
	GlobalSection(SolutionProperties) = preSolution
		HideSolutionNode = FALSE
	EndGlobalSection
EndGlobal
