
Microsoft Visual Studio Solution File, Format Version 11.00
# Visual Studio 2010
Project("{FAE04EC0-301F-11D3-BF4B-00C04F79EFBC}") = "SimpleWebTransport", "SimpleWebTransport.csproj", "{4D286951-F5FB-5CD0-4DEB-62FE911208ED}"
EndProject
Project("{FAE04EC0-301F-11D3-BF4B-00C04F79EFBC}") = "Mirror", "Mirror.csproj", "{04816B38-E3D4-AA59-FEA6-0093E7CCC5D7}"
EndProject
Project("{FAE04EC0-301F-11D3-BF4B-00C04F79EFBC}") = "SteamVR", "SteamVR.csproj", "{96416DE9-CA74-929B-CA95-3BA4450D98FC}"
EndProject
Project("{FAE04EC0-301F-11D3-BF4B-00C04F79EFBC}") = "Telepathy", "Telepathy.csproj", "{0183A5A0-82DF-2988-EFEA-C6B5418C277F}"
EndProject
Project("{FAE04EC0-301F-11D3-BF4B-00C04F79EFBC}") = "Mirror.Cloud", "Mirror.Cloud.csproj", "{4CEBE8A0-C52C-C824-52EA-CE4BB3D32991}"
EndProject
Project("{FAE04EC0-301F-11D3-BF4B-00C04F79EFBC}") = "Mirror.Components", "Mirror.Components.csproj", "{CC6D8555-69D8-57D5-E5ED-C771891F42F8}"
EndProject
Project("{FAE04EC0-301F-11D3-BF4B-00C04F79EFBC}") = "Mirror.Examples", "Mirror.Examples.csproj", "{6C92379E-E81E-69FC-C178-78574AD76B64}"
EndProject
Project("{FAE04EC0-301F-11D3-BF4B-00C04F79EFBC}") = "SteamVR_Actions", "SteamVR_Actions.csproj", "{0A064915-66ED-3AD4-6902-CC32E1CD18E3}"
EndProject
Project("{FAE04EC0-301F-11D3-BF4B-00C04F79EFBC}") = "Mirror.Examples.Cloud.GUI", "Mirror.Examples.Cloud.GUI.csproj", "{4E145309-1D68-4BA4-C8D2-7F18E1741D80}"
EndProject
Project("{FAE04EC0-301F-11D3-BF4B-00C04F79EFBC}") = "kcp2k", "kcp2k.csproj", "{E00606FB-15F1-3742-B8E3-CAA218AEB5E6}"
EndProject
Project("{FAE04EC0-301F-11D3-BF4B-00C04F79EFBC}") = "Assembly-CSharp", "Assembly-CSharp.csproj", "{C496B0AA-2A40-AAF4-048D-C0C1502FAAF5}"
EndProject
Project("{FAE04EC0-301F-11D3-BF4B-00C04F79EFBC}") = "ThunkMonkey.FluidMidi.Runtime", "ThunkMonkey.FluidMidi.Runtime.csproj", "{1D53B4EC-485C-FF9B-8439-93D7A1CF41CC}"
EndProject
Project("{FAE04EC0-301F-11D3-BF4B-00C04F79EFBC}") = "Mirror.Examples.Cloud.Pong", "Mirror.Examples.Cloud.Pong.csproj", "{BBB65BBF-1843-2A59-C0DB-F6F7FD1E7A86}"
EndProject
Project("{FAE04EC0-301F-11D3-BF4B-00C04F79EFBC}") = "Mirror.Authenticators", "Mirror.Authenticators.csproj", "{7AF18E31-2B4D-CF05-214A-497CF93E5EE2}"
EndProject
Project("{FAE04EC0-301F-11D3-BF4B-00C04F79EFBC}") = "Mirror.example.RigidbodyPhysics", "Mirror.example.RigidbodyPhysics.csproj", "{1501F105-904C-7F15-16B9-3C6B09D1EBF7}"
EndProject
Project("{FAE04EC0-301F-11D3-BF4B-00C04F79EFBC}") = "SteamVR_Editor", "SteamVR_Editor.csproj", "{7CC44E94-30AD-DFA0-D03B-C145CE544D42}"
EndProject
Project("{FAE04EC0-301F-11D3-BF4B-00C04F79EFBC}") = "Mirror.Weaver", "Mirror.Weaver.csproj", "{DADADB46-BD63-B230-6C32-552B5B877A19}"
EndProject
Project("{FAE04EC0-301F-11D3-BF4B-00C04F79EFBC}") = "SteamVR_Input_Editor", "SteamVR_Input_Editor.csproj", "{EAC48A75-65D6-7C12-2F60-BF2540361F5E}"
EndProject
Project("{FAE04EC0-301F-11D3-BF4B-00C04F79EFBC}") = "Mirror.Editor", "Mirror.Editor.csproj", "{5AA4977E-3E6D-D7C2-BEF1-4C057A5D908D}"
EndProject
Project("{FAE04EC0-301F-11D3-BF4B-00C04F79EFBC}") = "ThunkMonkey.FluidMidi.Editor", "ThunkMonkey.FluidMidi.Editor.csproj", "{35A68D02-F97A-0C36-4986-AA273A5B87E0}"
EndProject
Project("{FAE04EC0-301F-11D3-BF4B-00C04F79EFBC}") = "Assembly-CSharp-Editor", "Assembly-CSharp-Editor.csproj", "{5656F9C3-4968-76BE-041B-69CA68C46E3B}"
EndProject
Project("{FAE04EC0-301F-11D3-BF4B-00C04F79EFBC}") = "Mirror.CompilerSymbols", "Mirror.CompilerSymbols.csproj", "{86C5AF8B-3E5D-B541-7AF7-2B7D52D13D70}"
EndProject
Project("{FAE04EC0-301F-11D3-BF4B-00C04F79EFBC}") = "SteamVR_Windows_EditorHelper", "SteamVR_Windows_EditorHelper.csproj", "{9D712D22-7724-70FF-7CEC-ABA2F01A0EA8}"
EndProject
Global
	GlobalSection(SolutionConfigurationPlatforms) = preSolution
		Debug|Any CPU = Debug|Any CPU
		Release|Any CPU = Release|Any CPU
	EndGlobalSection
	GlobalSection(ProjectConfigurationPlatforms) = postSolution
		{4D286951-F5FB-5CD0-4DEB-62FE911208ED}.Debug|Any CPU.ActiveCfg = Debug|Any CPU
		{4D286951-F5FB-5CD0-4DEB-62FE911208ED}.Debug|Any CPU.Build.0 = Debug|Any CPU
		{4D286951-F5FB-5CD0-4DEB-62FE911208ED}.Release|Any CPU.ActiveCfg = Release|Any CPU
		{4D286951-F5FB-5CD0-4DEB-62FE911208ED}.Release|Any CPU.Build.0 = Release|Any CPU
		{04816B38-E3D4-AA59-FEA6-0093E7CCC5D7}.Debug|Any CPU.ActiveCfg = Debug|Any CPU
		{04816B38-E3D4-AA59-FEA6-0093E7CCC5D7}.Debug|Any CPU.Build.0 = Debug|Any CPU
		{04816B38-E3D4-AA59-FEA6-0093E7CCC5D7}.Release|Any CPU.ActiveCfg = Release|Any CPU
		{04816B38-E3D4-AA59-FEA6-0093E7CCC5D7}.Release|Any CPU.Build.0 = Release|Any CPU
		{96416DE9-CA74-929B-CA95-3BA4450D98FC}.Debug|Any CPU.ActiveCfg = Debug|Any CPU
		{96416DE9-CA74-929B-CA95-3BA4450D98FC}.Debug|Any CPU.Build.0 = Debug|Any CPU
		{96416DE9-CA74-929B-CA95-3BA4450D98FC}.Release|Any CPU.ActiveCfg = Release|Any CPU
		{96416DE9-CA74-929B-CA95-3BA4450D98FC}.Release|Any CPU.Build.0 = Release|Any CPU
		{0183A5A0-82DF-2988-EFEA-C6B5418C277F}.Debug|Any CPU.ActiveCfg = Debug|Any CPU
		{0183A5A0-82DF-2988-EFEA-C6B5418C277F}.Debug|Any CPU.Build.0 = Debug|Any CPU
		{0183A5A0-82DF-2988-EFEA-C6B5418C277F}.Release|Any CPU.ActiveCfg = Release|Any CPU
		{0183A5A0-82DF-2988-EFEA-C6B5418C277F}.Release|Any CPU.Build.0 = Release|Any CPU
		{4CEBE8A0-C52C-C824-52EA-CE4BB3D32991}.Debug|Any CPU.ActiveCfg = Debug|Any CPU
		{4CEBE8A0-C52C-C824-52EA-CE4BB3D32991}.Debug|Any CPU.Build.0 = Debug|Any CPU
		{4CEBE8A0-C52C-C824-52EA-CE4BB3D32991}.Release|Any CPU.ActiveCfg = Release|Any CPU
		{4CEBE8A0-C52C-C824-52EA-CE4BB3D32991}.Release|Any CPU.Build.0 = Release|Any CPU
		{CC6D8555-69D8-57D5-E5ED-C771891F42F8}.Debug|Any CPU.ActiveCfg = Debug|Any CPU
		{CC6D8555-69D8-57D5-E5ED-C771891F42F8}.Debug|Any CPU.Build.0 = Debug|Any CPU
		{CC6D8555-69D8-57D5-E5ED-C771891F42F8}.Release|Any CPU.ActiveCfg = Release|Any CPU
		{CC6D8555-69D8-57D5-E5ED-C771891F42F8}.Release|Any CPU.Build.0 = Release|Any CPU
		{6C92379E-E81E-69FC-C178-78574AD76B64}.Debug|Any CPU.ActiveCfg = Debug|Any CPU
		{6C92379E-E81E-69FC-C178-78574AD76B64}.Debug|Any CPU.Build.0 = Debug|Any CPU
		{6C92379E-E81E-69FC-C178-78574AD76B64}.Release|Any CPU.ActiveCfg = Release|Any CPU
		{6C92379E-E81E-69FC-C178-78574AD76B64}.Release|Any CPU.Build.0 = Release|Any CPU
		{0A064915-66ED-3AD4-6902-CC32E1CD18E3}.Debug|Any CPU.ActiveCfg = Debug|Any CPU
		{0A064915-66ED-3AD4-6902-CC32E1CD18E3}.Debug|Any CPU.Build.0 = Debug|Any CPU
		{0A064915-66ED-3AD4-6902-CC32E1CD18E3}.Release|Any CPU.ActiveCfg = Release|Any CPU
		{0A064915-66ED-3AD4-6902-CC32E1CD18E3}.Release|Any CPU.Build.0 = Release|Any CPU
		{4E145309-1D68-4BA4-C8D2-7F18E1741D80}.Debug|Any CPU.ActiveCfg = Debug|Any CPU
		{4E145309-1D68-4BA4-C8D2-7F18E1741D80}.Debug|Any CPU.Build.0 = Debug|Any CPU
		{4E145309-1D68-4BA4-C8D2-7F18E1741D80}.Release|Any CPU.ActiveCfg = Release|Any CPU
		{4E145309-1D68-4BA4-C8D2-7F18E1741D80}.Release|Any CPU.Build.0 = Release|Any CPU
		{E00606FB-15F1-3742-B8E3-CAA218AEB5E6}.Debug|Any CPU.ActiveCfg = Debug|Any CPU
		{E00606FB-15F1-3742-B8E3-CAA218AEB5E6}.Debug|Any CPU.Build.0 = Debug|Any CPU
		{E00606FB-15F1-3742-B8E3-CAA218AEB5E6}.Release|Any CPU.ActiveCfg = Release|Any CPU
		{E00606FB-15F1-3742-B8E3-CAA218AEB5E6}.Release|Any CPU.Build.0 = Release|Any CPU
		{C496B0AA-2A40-AAF4-048D-C0C1502FAAF5}.Debug|Any CPU.ActiveCfg = Debug|Any CPU
		{C496B0AA-2A40-AAF4-048D-C0C1502FAAF5}.Debug|Any CPU.Build.0 = Debug|Any CPU
		{C496B0AA-2A40-AAF4-048D-C0C1502FAAF5}.Release|Any CPU.ActiveCfg = Release|Any CPU
		{C496B0AA-2A40-AAF4-048D-C0C1502FAAF5}.Release|Any CPU.Build.0 = Release|Any CPU
		{1D53B4EC-485C-FF9B-8439-93D7A1CF41CC}.Debug|Any CPU.ActiveCfg = Debug|Any CPU
		{1D53B4EC-485C-FF9B-8439-93D7A1CF41CC}.Debug|Any CPU.Build.0 = Debug|Any CPU
		{1D53B4EC-485C-FF9B-8439-93D7A1CF41CC}.Release|Any CPU.ActiveCfg = Release|Any CPU
		{1D53B4EC-485C-FF9B-8439-93D7A1CF41CC}.Release|Any CPU.Build.0 = Release|Any CPU
		{BBB65BBF-1843-2A59-C0DB-F6F7FD1E7A86}.Debug|Any CPU.ActiveCfg = Debug|Any CPU
		{BBB65BBF-1843-2A59-C0DB-F6F7FD1E7A86}.Debug|Any CPU.Build.0 = Debug|Any CPU
		{BBB65BBF-1843-2A59-C0DB-F6F7FD1E7A86}.Release|Any CPU.ActiveCfg = Release|Any CPU
		{BBB65BBF-1843-2A59-C0DB-F6F7FD1E7A86}.Release|Any CPU.Build.0 = Release|Any CPU
		{7AF18E31-2B4D-CF05-214A-497CF93E5EE2}.Debug|Any CPU.ActiveCfg = Debug|Any CPU
		{7AF18E31-2B4D-CF05-214A-497CF93E5EE2}.Debug|Any CPU.Build.0 = Debug|Any CPU
		{7AF18E31-2B4D-CF05-214A-497CF93E5EE2}.Release|Any CPU.ActiveCfg = Release|Any CPU
		{7AF18E31-2B4D-CF05-214A-497CF93E5EE2}.Release|Any CPU.Build.0 = Release|Any CPU
		{1501F105-904C-7F15-16B9-3C6B09D1EBF7}.Debug|Any CPU.ActiveCfg = Debug|Any CPU
		{1501F105-904C-7F15-16B9-3C6B09D1EBF7}.Debug|Any CPU.Build.0 = Debug|Any CPU
		{1501F105-904C-7F15-16B9-3C6B09D1EBF7}.Release|Any CPU.ActiveCfg = Release|Any CPU
		{1501F105-904C-7F15-16B9-3C6B09D1EBF7}.Release|Any CPU.Build.0 = Release|Any CPU
		{7CC44E94-30AD-DFA0-D03B-C145CE544D42}.Debug|Any CPU.ActiveCfg = Debug|Any CPU
		{7CC44E94-30AD-DFA0-D03B-C145CE544D42}.Debug|Any CPU.Build.0 = Debug|Any CPU
		{7CC44E94-30AD-DFA0-D03B-C145CE544D42}.Release|Any CPU.ActiveCfg = Release|Any CPU
		{7CC44E94-30AD-DFA0-D03B-C145CE544D42}.Release|Any CPU.Build.0 = Release|Any CPU
		{DADADB46-BD63-B230-6C32-552B5B877A19}.Debug|Any CPU.ActiveCfg = Debug|Any CPU
		{DADADB46-BD63-B230-6C32-552B5B877A19}.Debug|Any CPU.Build.0 = Debug|Any CPU
		{DADADB46-BD63-B230-6C32-552B5B877A19}.Release|Any CPU.ActiveCfg = Release|Any CPU
		{DADADB46-BD63-B230-6C32-552B5B877A19}.Release|Any CPU.Build.0 = Release|Any CPU
		{EAC48A75-65D6-7C12-2F60-BF2540361F5E}.Debug|Any CPU.ActiveCfg = Debug|Any CPU
		{EAC48A75-65D6-7C12-2F60-BF2540361F5E}.Debug|Any CPU.Build.0 = Debug|Any CPU
		{EAC48A75-65D6-7C12-2F60-BF2540361F5E}.Release|Any CPU.ActiveCfg = Release|Any CPU
		{EAC48A75-65D6-7C12-2F60-BF2540361F5E}.Release|Any CPU.Build.0 = Release|Any CPU
		{5AA4977E-3E6D-D7C2-BEF1-4C057A5D908D}.Debug|Any CPU.ActiveCfg = Debug|Any CPU
		{5AA4977E-3E6D-D7C2-BEF1-4C057A5D908D}.Debug|Any CPU.Build.0 = Debug|Any CPU
		{5AA4977E-3E6D-D7C2-BEF1-4C057A5D908D}.Release|Any CPU.ActiveCfg = Release|Any CPU
		{5AA4977E-3E6D-D7C2-BEF1-4C057A5D908D}.Release|Any CPU.Build.0 = Release|Any CPU
		{35A68D02-F97A-0C36-4986-AA273A5B87E0}.Debug|Any CPU.ActiveCfg = Debug|Any CPU
		{35A68D02-F97A-0C36-4986-AA273A5B87E0}.Debug|Any CPU.Build.0 = Debug|Any CPU
		{35A68D02-F97A-0C36-4986-AA273A5B87E0}.Release|Any CPU.ActiveCfg = Release|Any CPU
		{35A68D02-F97A-0C36-4986-AA273A5B87E0}.Release|Any CPU.Build.0 = Release|Any CPU
		{5656F9C3-4968-76BE-041B-69CA68C46E3B}.Debug|Any CPU.ActiveCfg = Debug|Any CPU
		{5656F9C3-4968-76BE-041B-69CA68C46E3B}.Debug|Any CPU.Build.0 = Debug|Any CPU
		{5656F9C3-4968-76BE-041B-69CA68C46E3B}.Release|Any CPU.ActiveCfg = Release|Any CPU
		{5656F9C3-4968-76BE-041B-69CA68C46E3B}.Release|Any CPU.Build.0 = Release|Any CPU
		{86C5AF8B-3E5D-B541-7AF7-2B7D52D13D70}.Debug|Any CPU.ActiveCfg = Debug|Any CPU
		{86C5AF8B-3E5D-B541-7AF7-2B7D52D13D70}.Debug|Any CPU.Build.0 = Debug|Any CPU
		{86C5AF8B-3E5D-B541-7AF7-2B7D52D13D70}.Release|Any CPU.ActiveCfg = Release|Any CPU
		{86C5AF8B-3E5D-B541-7AF7-2B7D52D13D70}.Release|Any CPU.Build.0 = Release|Any CPU
		{9D712D22-7724-70FF-7CEC-ABA2F01A0EA8}.Debug|Any CPU.ActiveCfg = Debug|Any CPU
		{9D712D22-7724-70FF-7CEC-ABA2F01A0EA8}.Debug|Any CPU.Build.0 = Debug|Any CPU
		{9D712D22-7724-70FF-7CEC-ABA2F01A0EA8}.Release|Any CPU.ActiveCfg = Release|Any CPU
		{9D712D22-7724-70FF-7CEC-ABA2F01A0EA8}.Release|Any CPU.Build.0 = Release|Any CPU
	EndGlobalSection
	GlobalSection(SolutionProperties) = preSolution
		HideSolutionNode = FALSE
	EndGlobalSection
EndGlobal
